
Microsoft Visual Studio Solution File, Format Version 12.00
# Visual Studio Version 17
VisualStudioVersion = 17.4.33110.190
MinimumVisualStudioVersion = 10.0.40219.1
Project("{9A19103F-16F7-4668-BE54-9A1E7A4F7556}") = "GenericLinkedList", "GenericLinkedList.csproj", "{72AFE195-79E3-4048-AE73-F6231BCD2795}"
EndProject
Project("{9A19103F-16F7-4668-BE54-9A1E7A4F7556}") = "CustomLinkedStack", "..\CustomLinkedStack\CustomLinkedStack.csproj", "{C472E50A-6B0E-4EA9-B363-982F1E29B5E0}"
EndProject
Project("{9A19103F-16F7-4668-BE54-9A1E7A4F7556}") = "GenericLinkedQueue", "..\GenericLinkedQueue\GenericLinkedQueue.csproj", "{844DFDBC-7590-4C22-999E-1C09D072BBC3}"
EndProject
Project("{9A19103F-16F7-4668-BE54-9A1E7A4F7556}") = "InBuildLinkedList", "..\InBuildLinkedList\InBuildLinkedList.csproj", "{83D3A1C3-6C66-479C-9526-A3372D182BFD}"
EndProject
Project("{9A19103F-16F7-4668-BE54-9A1E7A4F7556}") = "InBuildStack", "..\InBuildStack\InBuildStack.csproj", "{658D4935-AA1E-4D45-8B47-4745FEC1CE9E}"
EndProject
Project("{FAE04EC0-301F-11D3-BF4B-00C04F79EFBC}") = "InBuildQueue", "..\InBuildQueue\InBuildQueue.csproj", "{2CD12CB4-9F0C-452E-BB9D-3F0FF54AB64B}"
EndProject
Global
	GlobalSection(SolutionConfigurationPlatforms) = preSolution
		Debug|Any CPU = Debug|Any CPU
		Release|Any CPU = Release|Any CPU
	EndGlobalSection
	GlobalSection(ProjectConfigurationPlatforms) = postSolution
		{72AFE195-79E3-4048-AE73-F6231BCD2795}.Debug|Any CPU.ActiveCfg = Debug|Any CPU
		{72AFE195-79E3-4048-AE73-F6231BCD2795}.Debug|Any CPU.Build.0 = Debug|Any CPU
		{72AFE195-79E3-4048-AE73-F6231BCD2795}.Release|Any CPU.ActiveCfg = Release|Any CPU
		{72AFE195-79E3-4048-AE73-F6231BCD2795}.Release|Any CPU.Build.0 = Release|Any CPU
		{C472E50A-6B0E-4EA9-B363-982F1E29B5E0}.Debug|Any CPU.ActiveCfg = Debug|Any CPU
		{C472E50A-6B0E-4EA9-B363-982F1E29B5E0}.Debug|Any CPU.Build.0 = Debug|Any CPU
		{C472E50A-6B0E-4EA9-B363-982F1E29B5E0}.Release|Any CPU.ActiveCfg = Release|Any CPU
		{C472E50A-6B0E-4EA9-B363-982F1E29B5E0}.Release|Any CPU.Build.0 = Release|Any CPU
		{844DFDBC-7590-4C22-999E-1C09D072BBC3}.Debug|Any CPU.ActiveCfg = Debug|Any CPU
		{844DFDBC-7590-4C22-999E-1C09D072BBC3}.Debug|Any CPU.Build.0 = Debug|Any CPU
		{844DFDBC-7590-4C22-999E-1C09D072BBC3}.Release|Any CPU.ActiveCfg = Release|Any CPU
		{844DFDBC-7590-4C22-999E-1C09D072BBC3}.Release|Any CPU.Build.0 = Release|Any CPU
		{83D3A1C3-6C66-479C-9526-A3372D182BFD}.Debug|Any CPU.ActiveCfg = Debug|Any CPU
		{83D3A1C3-6C66-479C-9526-A3372D182BFD}.Debug|Any CPU.Build.0 = Debug|Any CPU
		{83D3A1C3-6C66-479C-9526-A3372D182BFD}.Release|Any CPU.ActiveCfg = Release|Any CPU
		{83D3A1C3-6C66-479C-9526-A3372D182BFD}.Release|Any CPU.Build.0 = Release|Any CPU
		{658D4935-AA1E-4D45-8B47-4745FEC1CE9E}.Debug|Any CPU.ActiveCfg = Debug|Any CPU
		{658D4935-AA1E-4D45-8B47-4745FEC1CE9E}.Debug|Any CPU.Build.0 = Debug|Any CPU
		{658D4935-AA1E-4D45-8B47-4745FEC1CE9E}.Release|Any CPU.ActiveCfg = Release|Any CPU
		{658D4935-AA1E-4D45-8B47-4745FEC1CE9E}.Release|Any CPU.Build.0 = Release|Any CPU
		{2CD12CB4-9F0C-452E-BB9D-3F0FF54AB64B}.Debug|Any CPU.ActiveCfg = Debug|Any CPU
		{2CD12CB4-9F0C-452E-BB9D-3F0FF54AB64B}.Debug|Any CPU.Build.0 = Debug|Any CPU
		{2CD12CB4-9F0C-452E-BB9D-3F0FF54AB64B}.Release|Any CPU.ActiveCfg = Release|Any CPU
		{2CD12CB4-9F0C-452E-BB9D-3F0FF54AB64B}.Release|Any CPU.Build.0 = Release|Any CPU
	EndGlobalSection
	GlobalSection(SolutionProperties) = preSolution
		HideSolutionNode = FALSE
	EndGlobalSection
	GlobalSection(ExtensibilityGlobals) = postSolution
		SolutionGuid = {C5321E43-A0C4-4EF3-9B6A-8E0EA701176B}
	EndGlobalSection
EndGlobal
